
Microsoft Visual Studio Solution File, Format Version 12.00
# Visual Studio 15
VisualStudioVersion = 15.0.26730.12
MinimumVisualStudioVersion = 10.0.40219.1
Project("{FAE04EC0-301F-11D3-BF4B-00C04F79EFBC}") = "CourseAuditor", "CourseAuditor\CourseAuditor.csproj", "{FC351E8A-090A-4E5B-B201-C5B7D6C24F5A}"
EndProject
Global
	GlobalSection(SolutionConfigurationPlatforms) = preSolution
		Debug|Any CPU = Debug|Any CPU
		Release|Any CPU = Release|Any CPU
	EndGlobalSection
	GlobalSection(ProjectConfigurationPlatforms) = postSolution
		{FC351E8A-090A-4E5B-B201-C5B7D6C24F5A}.Debug|Any CPU.ActiveCfg = Debug|Any CPU
		{FC351E8A-090A-4E5B-B201-C5B7D6C24F5A}.Debug|Any CPU.Build.0 = Debug|Any CPU
		{FC351E8A-090A-4E5B-B201-C5B7D6C24F5A}.Release|Any CPU.ActiveCfg = Release|Any CPU
		{FC351E8A-090A-4E5B-B201-C5B7D6C24F5A}.Release|Any CPU.Build.0 = Release|Any CPU
	EndGlobalSection
	GlobalSection(SolutionProperties) = preSolution
		HideSolutionNode = FALSE
	EndGlobalSection
	GlobalSection(ExtensibilityGlobals) = postSolution
		SolutionGuid = {DAECE490-FD5B-47E4-8879-BD9E89BA782B}
	EndGlobalSection
EndGlobal
